
Microsoft Visual Studio Solution File, Format Version 12.00
# Visual Studio Version 17
VisualStudioVersion = 17.0.32014.148
MinimumVisualStudioVersion = 10.0.40219.1
Project("{FAE04EC0-301F-11D3-BF4B-00C04F79EFBC}") = "DIYODEMixer", "DIYODEMixer\DIYODEMixer.csproj", "{B72FC666-3707-4256-9F8E-9CC78BBB6359}"
EndProject
Global
	GlobalSection(SolutionConfigurationPlatforms) = preSolution
		Debug|Any CPU = Debug|Any CPU
		Release|Any CPU = Release|Any CPU
	EndGlobalSection
	GlobalSection(ProjectConfigurationPlatforms) = postSolution
		{B72FC666-3707-4256-9F8E-9CC78BBB6359}.Debug|Any CPU.ActiveCfg = Debug|Any CPU
		{B72FC666-3707-4256-9F8E-9CC78BBB6359}.Debug|Any CPU.Build.0 = Debug|Any CPU
		{B72FC666-3707-4256-9F8E-9CC78BBB6359}.Release|Any CPU.ActiveCfg = Release|Any CPU
		{B72FC666-3707-4256-9F8E-9CC78BBB6359}.Release|Any CPU.Build.0 = Release|Any CPU
	EndGlobalSection
	GlobalSection(SolutionProperties) = preSolution
		HideSolutionNode = FALSE
	EndGlobalSection
	GlobalSection(ExtensibilityGlobals) = postSolution
		SolutionGuid = {7E6C4E65-ED8B-4105-A369-181CB7D6761D}
	EndGlobalSection
EndGlobal
